{
  "name": "aiwMapping",
  "lockfileVersion": 2,
  "requires": true,
  "packages": {
    "": {
      "dependencies": {
        "@fortawesome/fontawesome-free": "^5.15.2",
        "leaflet": "^1.7.1",
        "leaflet-extra-markers": "^1.2.1",
        "leaflet-rastercoords": "^1.0.3",
        "leaflet-search": "^2.9.11",
        "yarn": "^1.22.17"
      }
    },
    "node_modules/@fortawesome/fontawesome-free": {
      "version": "5.15.4",
      "resolved": "https://registry.npmjs.org/@fortawesome/fontawesome-free/-/fontawesome-free-5.15.4.tgz",
      "integrity": "sha512-eYm8vijH/hpzr/6/1CJ/V/Eb1xQFW2nnUKArb3z+yUWv7HTwj6M7SP957oMjfZjAHU6qpoNc2wQvIxBLWYa/Jg==",
      "hasInstallScript": true,
      "engines": {
        "node": ">=6"
      }
    },
    "node_modules/leaflet": {
      "version": "1.7.1",
      "resolved": "https://registry.npmjs.org/leaflet/-/leaflet-1.7.1.tgz",
      "integrity": "sha512-/xwPEBidtg69Q3HlqPdU3DnrXQOvQU/CCHA1tcDQVzOwm91YMYaILjNp7L4Eaw5Z4sOYdbBz6koWyibppd8Zqw=="
    },
    "node_modules/leaflet-extra-markers": {
      "version": "1.2.1",
      "resolved": "https://registry.npmjs.org/leaflet-extra-markers/-/leaflet-extra-markers-1.2.1.tgz",
      "integrity": "sha512-k3mGGBJg5wr4LY89MyLHcWCol3yNC9qcK1+5os+HjBk09RlxmqsywNSBwmpP1WKnkKCIgofnOFOhdM5GeK0kHQ==",
      "peerDependencies": {
        "leaflet": ">= 0.5 < 2"
      }
    },
    "node_modules/leaflet-rastercoords": {
      "version": "1.0.4",
      "resolved": "https://registry.npmjs.org/leaflet-rastercoords/-/leaflet-rastercoords-1.0.4.tgz",
      "integrity": "sha512-VWXcD78HqDDF9n2cUtR8FTJpdmvSbXdcRZmy/+ynW2tkhdxaebMDG/E4IZJBPiDh/LKwp0PZxefpreV5USSSNA==",
      "dependencies": {
        "leaflet": "^1.7.1"
      }
    },
    "node_modules/leaflet-search": {
      "version": "2.9.11",
      "resolved": "https://registry.npmjs.org/leaflet-search/-/leaflet-search-2.9.11.tgz",
      "integrity": "sha512-Tsp2rbd4SyBTaSJ2hGk/hdSzTLWlaehVDx0nQta4Ih9MjajxAWoizGB9RTMSFNnXYvqSRwWL8udLZXc83j5ivA==",
      "dependencies": {
        "leaflet": "*"
      }
    },
    "node_modules/yarn": {
      "version": "1.22.17",
      "resolved": "https://registry.npmjs.org/yarn/-/yarn-1.22.17.tgz",
      "integrity": "sha512-H0p241BXaH0UN9IeH//RT82tl5PfNraVpSpEoW+ET7lmopNC61eZ+A+IDvU8FM6Go5vx162SncDL8J1ZjRBriQ==",
      "hasInstallScript": true,
      "bin": {
        "yarn": "bin/yarn.js",
        "yarnpkg": "bin/yarn.js"
      },
      "engines": {
        "node": ">=4.0.0"
      }
    }
  },
  "dependencies": {
    "@fortawesome/fontawesome-free": {
      "version": "5.15.4",
      "resolved": "https://registry.npmjs.org/@fortawesome/fontawesome-free/-/fontawesome-free-5.15.4.tgz",
      "integrity": "sha512-eYm8vijH/hpzr/6/1CJ/V/Eb1xQFW2nnUKArb3z+yUWv7HTwj6M7SP957oMjfZjAHU6qpoNc2wQvIxBLWYa/Jg=="
    },
    "leaflet": {
      "version": "1.7.1",
      "resolved": "https://registry.npmjs.org/leaflet/-/leaflet-1.7.1.tgz",
      "integrity": "sha512-/xwPEBidtg69Q3HlqPdU3DnrXQOvQU/CCHA1tcDQVzOwm91YMYaILjNp7L4Eaw5Z4sOYdbBz6koWyibppd8Zqw=="
    },
    "leaflet-extra-markers": {
      "version": "1.2.1",
      "resolved": "https://registry.npmjs.org/leaflet-extra-markers/-/leaflet-extra-markers-1.2.1.tgz",
      "integrity": "sha512-k3mGGBJg5wr4LY89MyLHcWCol3yNC9qcK1+5os+HjBk09RlxmqsywNSBwmpP1WKnkKCIgofnOFOhdM5GeK0kHQ==",
      "requires": {}
    },
    "leaflet-rastercoords": {
      "version": "1.0.4",
      "resolved": "https://registry.npmjs.org/leaflet-rastercoords/-/leaflet-rastercoords-1.0.4.tgz",
      "integrity": "sha512-VWXcD78HqDDF9n2cUtR8FTJpdmvSbXdcRZmy/+ynW2tkhdxaebMDG/E4IZJBPiDh/LKwp0PZxefpreV5USSSNA==",
      "requires": {
        "leaflet": "^1.7.1"
      }
    },
    "leaflet-search": {
      "version": "2.9.11",
      "resolved": "https://registry.npmjs.org/leaflet-search/-/leaflet-search-2.9.11.tgz",
      "integrity": "sha512-Tsp2rbd4SyBTaSJ2hGk/hdSzTLWlaehVDx0nQta4Ih9MjajxAWoizGB9RTMSFNnXYvqSRwWL8udLZXc83j5ivA==",
      "requires": {
        "leaflet": "*"
      }
    },
    "yarn": {
      "version": "1.22.17",
      "resolved": "https://registry.npmjs.org/yarn/-/yarn-1.22.17.tgz",
      "integrity": "sha512-H0p241BXaH0UN9IeH//RT82tl5PfNraVpSpEoW+ET7lmopNC61eZ+A+IDvU8FM6Go5vx162SncDL8J1ZjRBriQ=="
    }
  }
}
